
Microsoft Visual Studio Solution File, Format Version 12.00
# Visual Studio Version 17
VisualStudioVersion = 17.11.35303.130
MinimumVisualStudioVersion = 10.0.40219.1
Project("{9A19103F-16F7-4668-BE54-9A1E7A4F7556}") = "Tyuiu.VasilevNV.Sprint2.Task0.V18.Lib", "Tyuiu.VasilevNV.Sprint2.Task0.V18.Lib\Tyuiu.VasilevNV.Sprint2.Task0.V18.Lib.csproj", "{81F6352E-D8DA-4E4D-8530-6A91B5CEAE3F}"
EndProject
Project("{9A19103F-16F7-4668-BE54-9A1E7A4F7556}") = "Tyuiu.VasilevNV.Sprint2.Task0.V18", "Tyuiu.VasilevNV.Sprint2.Task0.V18\Tyuiu.VasilevNV.Sprint2.Task0.V18.csproj", "{64838CC8-8E9D-465E-80B5-0E3EE1DA84D0}"
EndProject
Project("{9A19103F-16F7-4668-BE54-9A1E7A4F7556}") = "Tyuiu.VasilevNV.Sprint2.Task0.V18.Test", "Tyuiu.VasilevNV.Sprint2.Task0.V18.Test\Tyuiu.VasilevNV.Sprint2.Task0.V18.Test.csproj", "{CE6A9E38-7B27-4F9B-A31D-60337B728B27}"
EndProject
Project("{2150E333-8FDC-42A3-9474-1A3956D46DE8}") = "Task0", "Task0", "{4E558150-C584-41C8-9416-D10129FC80A2}"
EndProject
Project("{2150E333-8FDC-42A3-9474-1A3956D46DE8}") = "Task1", "Task1", "{9460A313-226A-4C14-8BD8-84CFCB67333E}"
EndProject
Project("{9A19103F-16F7-4668-BE54-9A1E7A4F7556}") = "Tyuiu.VasilevNV.Sprint2.Task1.V10.Lib", "Tyuiu.VasilevNV.Sprint2.Task1.V10.Lib\Tyuiu.VasilevNV.Sprint2.Task1.V10.Lib.csproj", "{447BC98D-69C9-4056-B568-E2CB8468AF65}"
EndProject
Project("{2150E333-8FDC-42A3-9474-1A3956D46DE8}") = "Task2", "Task2", "{0605F3EA-C706-404E-815F-513576DB64FB}"
EndProject
Project("{9A19103F-16F7-4668-BE54-9A1E7A4F7556}") = "Tyuiu.VasilevNV.Sprint2.Task2.V28.Lib", "Tyuiu.VasilevNV.Sprint2.Task2.V28.Lib\Tyuiu.VasilevNV.Sprint2.Task2.V28.Lib.csproj", "{59D7E497-90F0-4830-856B-976A55011A19}"
EndProject
Project("{9A19103F-16F7-4668-BE54-9A1E7A4F7556}") = "Tyuiu.VasilevNV.Sprint2.Task2.V28", "Tyuiu.VasilevNV.Sprint2.Task2.V28\Tyuiu.VasilevNV.Sprint2.Task2.V28.csproj", "{B163829B-E211-4077-95EF-F16367AF9023}"
EndProject
Project("{9A19103F-16F7-4668-BE54-9A1E7A4F7556}") = "Tyuiu.VasilevNV.Sprint2.Task2.V28.Test", "Tyuiu.VasilevNV.Sprint2.Task2.V28.Test\Tyuiu.VasilevNV.Sprint2.Task2.V28.Test.csproj", "{E0D10C3F-689F-4166-883C-4E82AB621928}"
EndProject
Project("{2150E333-8FDC-42A3-9474-1A3956D46DE8}") = "Task3", "Task3", "{C9AD94F9-9DCB-46FF-BF7C-9F2C85B5D3AA}"
EndProject
Project("{9A19103F-16F7-4668-BE54-9A1E7A4F7556}") = "Tyuiu.VasilevNV.Sprint2.Task3.V13.Lib", "Tyuiu.VasilevNV.Sprint2.Task3.V13.Lib\Tyuiu.VasilevNV.Sprint2.Task3.V13.Lib.csproj", "{19CFE373-2824-457C-9D87-D1D15FF33E20}"
EndProject
Project("{9A19103F-16F7-4668-BE54-9A1E7A4F7556}") = "Tyuiu.VasilevNV.Sprint2.Task3.V13", "Tyuiu.VasilevNV.Sprint2.Task3.V13\Tyuiu.VasilevNV.Sprint2.Task3.V13.csproj", "{66E51934-6C36-4E9E-8210-05A0D5452918}"
EndProject
Project("{9A19103F-16F7-4668-BE54-9A1E7A4F7556}") = "Tyuiu.VasilevNV.Sprint2.Task3.V13.Test", "Tyuiu.VasilevNV.Sprint2.Task3.V13.Test\Tyuiu.VasilevNV.Sprint2.Task3.V13.Test.csproj", "{E0A49369-D9AA-40CB-BEC8-B23600C4C779}"
EndProject
Project("{2150E333-8FDC-42A3-9474-1A3956D46DE8}") = "Task4", "Task4", "{983A96FB-2EE2-4BC0-AD57-1FF0F1170576}"
EndProject
Project("{9A19103F-16F7-4668-BE54-9A1E7A4F7556}") = "Tyuiu.VasilevNV.Sprint2.Task4.V26.Lib", "Tyuiu.VasilevNV.Sprint2.Task4.V26.Lib\Tyuiu.VasilevNV.Sprint2.Task4.V26.Lib.csproj", "{29DBBEB5-CF42-4441-A8EB-B6CD32672A22}"
EndProject
Project("{9A19103F-16F7-4668-BE54-9A1E7A4F7556}") = "Tyuiu.VasilevNV.Sprint2.Task4.V26", "Tyuiu.VasilevNV.Sprint2.Task4.V26\Tyuiu.VasilevNV.Sprint2.Task4.V26.csproj", "{BCADAB77-390D-4875-A70C-D328B4EFBCC3}"
EndProject
Project("{9A19103F-16F7-4668-BE54-9A1E7A4F7556}") = "Tyuiu.VasilevNV.Sprint2.Task4.V26.Test", "Tyuiu.VasilevNV.Sprint2.Task4.V26.Test\Tyuiu.VasilevNV.Sprint2.Task4.V26.Test.csproj", "{D47B035D-512C-429E-8D16-0E12127F4504}"
EndProject
Project("{2150E333-8FDC-42A3-9474-1A3956D46DE8}") = "Task5", "Task5", "{BC9660A7-1625-48B7-B513-19E615FE7290}"
EndProject
Project("{9A19103F-16F7-4668-BE54-9A1E7A4F7556}") = "Tyuiu.VasilevNV.Sprint2.Task5.V5.Lib", "Tyuiu.VasilevNV.Sprint2.Task5.V5.Lib\Tyuiu.VasilevNV.Sprint2.Task5.V5.Lib.csproj", "{2BCE111F-2C68-477F-92D9-C858570BF71F}"
EndProject
Project("{9A19103F-16F7-4668-BE54-9A1E7A4F7556}") = "Tyuiu.VasilevNV.Sprint2.Task5.V5", "Tyuiu.VasilevNV.Sprint2.Task5.V5\Tyuiu.VasilevNV.Sprint2.Task5.V5.csproj", "{356928F1-0C85-4EDD-A980-83032050577A}"
EndProject
Project("{9A19103F-16F7-4668-BE54-9A1E7A4F7556}") = "Tyuiu.VasilevNV.Sprint2.Task5.V5.Test", "Tyuiu.VasilevNV.Sprint2.Task5.V5.Test\Tyuiu.VasilevNV.Sprint2.Task5.V5.Test.csproj", "{076A1D10-B712-4EB7-934D-2D9B5CCB785A}"
EndProject
Project("{2150E333-8FDC-42A3-9474-1A3956D46DE8}") = "Task6", "Task6", "{A03171FD-FB1A-4879-8C0D-47B95C63EF83}"
EndProject
Project("{FAE04EC0-301F-11D3-BF4B-00C04F79EFBC}") = "Tyuiu.VasilevNV.Sprint2.Task6.V3.Lib", "Tyuiu.VasilevNV.Sprint2.Task6.V3.Lib\Tyuiu.VasilevNV.Sprint2.Task6.V3.Lib.csproj", "{87EA31C7-A443-461D-BD69-E4B7F6DC6664}"
EndProject
Project("{FAE04EC0-301F-11D3-BF4B-00C04F79EFBC}") = "Tyuiu.VasilevNV.Sprint2.Task6.V3", "Tyuiu.VasilevNV.Sprint2.Task6.V3\Tyuiu.VasilevNV.Sprint2.Task6.V3.csproj", "{58DB8B73-2D7C-4630-9C31-1627A569896E}"
EndProject
Project("{FAE04EC0-301F-11D3-BF4B-00C04F79EFBC}") = "Tyuiu.VasilevNV.Sprint2.Task6.V3.Test", "Tyuiu.VasilevNV.Sprint2.Task6.V3.Test\Tyuiu.VasilevNV.Sprint2.Task6.V3.Test.csproj", "{77CC5DCB-7CCB-4013-8001-C94EC0DD9A92}"
EndProject
Global
	GlobalSection(SolutionConfigurationPlatforms) = preSolution
		Debug|Any CPU = Debug|Any CPU
		Release|Any CPU = Release|Any CPU
	EndGlobalSection
	GlobalSection(ProjectConfigurationPlatforms) = postSolution
		{81F6352E-D8DA-4E4D-8530-6A91B5CEAE3F}.Debug|Any CPU.ActiveCfg = Debug|Any CPU
		{81F6352E-D8DA-4E4D-8530-6A91B5CEAE3F}.Debug|Any CPU.Build.0 = Debug|Any CPU
		{81F6352E-D8DA-4E4D-8530-6A91B5CEAE3F}.Release|Any CPU.ActiveCfg = Release|Any CPU
		{81F6352E-D8DA-4E4D-8530-6A91B5CEAE3F}.Release|Any CPU.Build.0 = Release|Any CPU
		{64838CC8-8E9D-465E-80B5-0E3EE1DA84D0}.Debug|Any CPU.ActiveCfg = Debug|Any CPU
		{64838CC8-8E9D-465E-80B5-0E3EE1DA84D0}.Debug|Any CPU.Build.0 = Debug|Any CPU
		{64838CC8-8E9D-465E-80B5-0E3EE1DA84D0}.Release|Any CPU.ActiveCfg = Release|Any CPU
		{64838CC8-8E9D-465E-80B5-0E3EE1DA84D0}.Release|Any CPU.Build.0 = Release|Any CPU
		{CE6A9E38-7B27-4F9B-A31D-60337B728B27}.Debug|Any CPU.ActiveCfg = Debug|Any CPU
		{CE6A9E38-7B27-4F9B-A31D-60337B728B27}.Debug|Any CPU.Build.0 = Debug|Any CPU
		{CE6A9E38-7B27-4F9B-A31D-60337B728B27}.Release|Any CPU.ActiveCfg = Release|Any CPU
		{CE6A9E38-7B27-4F9B-A31D-60337B728B27}.Release|Any CPU.Build.0 = Release|Any CPU
		{447BC98D-69C9-4056-B568-E2CB8468AF65}.Debug|Any CPU.ActiveCfg = Debug|Any CPU
		{447BC98D-69C9-4056-B568-E2CB8468AF65}.Debug|Any CPU.Build.0 = Debug|Any CPU
		{447BC98D-69C9-4056-B568-E2CB8468AF65}.Release|Any CPU.ActiveCfg = Release|Any CPU
		{447BC98D-69C9-4056-B568-E2CB8468AF65}.Release|Any CPU.Build.0 = Release|Any CPU
		{59D7E497-90F0-4830-856B-976A55011A19}.Debug|Any CPU.ActiveCfg = Debug|Any CPU
		{59D7E497-90F0-4830-856B-976A55011A19}.Debug|Any CPU.Build.0 = Debug|Any CPU
		{59D7E497-90F0-4830-856B-976A55011A19}.Release|Any CPU.ActiveCfg = Release|Any CPU
		{59D7E497-90F0-4830-856B-976A55011A19}.Release|Any CPU.Build.0 = Release|Any CPU
		{B163829B-E211-4077-95EF-F16367AF9023}.Debug|Any CPU.ActiveCfg = Debug|Any CPU
		{B163829B-E211-4077-95EF-F16367AF9023}.Debug|Any CPU.Build.0 = Debug|Any CPU
		{B163829B-E211-4077-95EF-F16367AF9023}.Release|Any CPU.ActiveCfg = Release|Any CPU
		{B163829B-E211-4077-95EF-F16367AF9023}.Release|Any CPU.Build.0 = Release|Any CPU
		{E0D10C3F-689F-4166-883C-4E82AB621928}.Debug|Any CPU.ActiveCfg = Debug|Any CPU
		{E0D10C3F-689F-4166-883C-4E82AB621928}.Debug|Any CPU.Build.0 = Debug|Any CPU
		{E0D10C3F-689F-4166-883C-4E82AB621928}.Release|Any CPU.ActiveCfg = Release|Any CPU
		{E0D10C3F-689F-4166-883C-4E82AB621928}.Release|Any CPU.Build.0 = Release|Any CPU
		{19CFE373-2824-457C-9D87-D1D15FF33E20}.Debug|Any CPU.ActiveCfg = Debug|Any CPU
		{19CFE373-2824-457C-9D87-D1D15FF33E20}.Debug|Any CPU.Build.0 = Debug|Any CPU
		{19CFE373-2824-457C-9D87-D1D15FF33E20}.Release|Any CPU.ActiveCfg = Release|Any CPU
		{19CFE373-2824-457C-9D87-D1D15FF33E20}.Release|Any CPU.Build.0 = Release|Any CPU
		{66E51934-6C36-4E9E-8210-05A0D5452918}.Debug|Any CPU.ActiveCfg = Debug|Any CPU
		{66E51934-6C36-4E9E-8210-05A0D5452918}.Debug|Any CPU.Build.0 = Debug|Any CPU
		{66E51934-6C36-4E9E-8210-05A0D5452918}.Release|Any CPU.ActiveCfg = Release|Any CPU
		{66E51934-6C36-4E9E-8210-05A0D5452918}.Release|Any CPU.Build.0 = Release|Any CPU
		{E0A49369-D9AA-40CB-BEC8-B23600C4C779}.Debug|Any CPU.ActiveCfg = Debug|Any CPU
		{E0A49369-D9AA-40CB-BEC8-B23600C4C779}.Debug|Any CPU.Build.0 = Debug|Any CPU
		{E0A49369-D9AA-40CB-BEC8-B23600C4C779}.Release|Any CPU.ActiveCfg = Release|Any CPU
		{E0A49369-D9AA-40CB-BEC8-B23600C4C779}.Release|Any CPU.Build.0 = Release|Any CPU
		{29DBBEB5-CF42-4441-A8EB-B6CD32672A22}.Debug|Any CPU.ActiveCfg = Debug|Any CPU
		{29DBBEB5-CF42-4441-A8EB-B6CD32672A22}.Debug|Any CPU.Build.0 = Debug|Any CPU
		{29DBBEB5-CF42-4441-A8EB-B6CD32672A22}.Release|Any CPU.ActiveCfg = Release|Any CPU
		{29DBBEB5-CF42-4441-A8EB-B6CD32672A22}.Release|Any CPU.Build.0 = Release|Any CPU
		{BCADAB77-390D-4875-A70C-D328B4EFBCC3}.Debug|Any CPU.ActiveCfg = Debug|Any CPU
		{BCADAB77-390D-4875-A70C-D328B4EFBCC3}.Debug|Any CPU.Build.0 = Debug|Any CPU
		{BCADAB77-390D-4875-A70C-D328B4EFBCC3}.Release|Any CPU.ActiveCfg = Release|Any CPU
		{BCADAB77-390D-4875-A70C-D328B4EFBCC3}.Release|Any CPU.Build.0 = Release|Any CPU
		{D47B035D-512C-429E-8D16-0E12127F4504}.Debug|Any CPU.ActiveCfg = Debug|Any CPU
		{D47B035D-512C-429E-8D16-0E12127F4504}.Debug|Any CPU.Build.0 = Debug|Any CPU
		{D47B035D-512C-429E-8D16-0E12127F4504}.Release|Any CPU.ActiveCfg = Release|Any CPU
		{D47B035D-512C-429E-8D16-0E12127F4504}.Release|Any CPU.Build.0 = Release|Any CPU
		{2BCE111F-2C68-477F-92D9-C858570BF71F}.Debug|Any CPU.ActiveCfg = Debug|Any CPU
		{2BCE111F-2C68-477F-92D9-C858570BF71F}.Debug|Any CPU.Build.0 = Debug|Any CPU
		{2BCE111F-2C68-477F-92D9-C858570BF71F}.Release|Any CPU.ActiveCfg = Release|Any CPU
		{2BCE111F-2C68-477F-92D9-C858570BF71F}.Release|Any CPU.Build.0 = Release|Any CPU
		{356928F1-0C85-4EDD-A980-83032050577A}.Debug|Any CPU.ActiveCfg = Debug|Any CPU
		{356928F1-0C85-4EDD-A980-83032050577A}.Debug|Any CPU.Build.0 = Debug|Any CPU
		{356928F1-0C85-4EDD-A980-83032050577A}.Release|Any CPU.ActiveCfg = Release|Any CPU
		{356928F1-0C85-4EDD-A980-83032050577A}.Release|Any CPU.Build.0 = Release|Any CPU
		{076A1D10-B712-4EB7-934D-2D9B5CCB785A}.Debug|Any CPU.ActiveCfg = Debug|Any CPU
		{076A1D10-B712-4EB7-934D-2D9B5CCB785A}.Debug|Any CPU.Build.0 = Debug|Any CPU
		{076A1D10-B712-4EB7-934D-2D9B5CCB785A}.Release|Any CPU.ActiveCfg = Release|Any CPU
		{076A1D10-B712-4EB7-934D-2D9B5CCB785A}.Release|Any CPU.Build.0 = Release|Any CPU
		{87EA31C7-A443-461D-BD69-E4B7F6DC6664}.Debug|Any CPU.ActiveCfg = Debug|Any CPU
		{87EA31C7-A443-461D-BD69-E4B7F6DC6664}.Debug|Any CPU.Build.0 = Debug|Any CPU
		{87EA31C7-A443-461D-BD69-E4B7F6DC6664}.Release|Any CPU.ActiveCfg = Release|Any CPU
		{87EA31C7-A443-461D-BD69-E4B7F6DC6664}.Release|Any CPU.Build.0 = Release|Any CPU
		{58DB8B73-2D7C-4630-9C31-1627A569896E}.Debug|Any CPU.ActiveCfg = Debug|Any CPU
		{58DB8B73-2D7C-4630-9C31-1627A569896E}.Debug|Any CPU.Build.0 = Debug|Any CPU
		{58DB8B73-2D7C-4630-9C31-1627A569896E}.Release|Any CPU.ActiveCfg = Release|Any CPU
		{58DB8B73-2D7C-4630-9C31-1627A569896E}.Release|Any CPU.Build.0 = Release|Any CPU
		{77CC5DCB-7CCB-4013-8001-C94EC0DD9A92}.Debug|Any CPU.ActiveCfg = Debug|Any CPU
		{77CC5DCB-7CCB-4013-8001-C94EC0DD9A92}.Debug|Any CPU.Build.0 = Debug|Any CPU
		{77CC5DCB-7CCB-4013-8001-C94EC0DD9A92}.Release|Any CPU.ActiveCfg = Release|Any CPU
		{77CC5DCB-7CCB-4013-8001-C94EC0DD9A92}.Release|Any CPU.Build.0 = Release|Any CPU
	EndGlobalSection
	GlobalSection(SolutionProperties) = preSolution
		HideSolutionNode = FALSE
	EndGlobalSection
	GlobalSection(NestedProjects) = preSolution
		{81F6352E-D8DA-4E4D-8530-6A91B5CEAE3F} = {4E558150-C584-41C8-9416-D10129FC80A2}
		{64838CC8-8E9D-465E-80B5-0E3EE1DA84D0} = {4E558150-C584-41C8-9416-D10129FC80A2}
		{CE6A9E38-7B27-4F9B-A31D-60337B728B27} = {4E558150-C584-41C8-9416-D10129FC80A2}
		{447BC98D-69C9-4056-B568-E2CB8468AF65} = {9460A313-226A-4C14-8BD8-84CFCB67333E}
		{59D7E497-90F0-4830-856B-976A55011A19} = {0605F3EA-C706-404E-815F-513576DB64FB}
		{B163829B-E211-4077-95EF-F16367AF9023} = {0605F3EA-C706-404E-815F-513576DB64FB}
		{E0D10C3F-689F-4166-883C-4E82AB621928} = {0605F3EA-C706-404E-815F-513576DB64FB}
		{19CFE373-2824-457C-9D87-D1D15FF33E20} = {C9AD94F9-9DCB-46FF-BF7C-9F2C85B5D3AA}
		{66E51934-6C36-4E9E-8210-05A0D5452918} = {C9AD94F9-9DCB-46FF-BF7C-9F2C85B5D3AA}
		{E0A49369-D9AA-40CB-BEC8-B23600C4C779} = {C9AD94F9-9DCB-46FF-BF7C-9F2C85B5D3AA}
		{29DBBEB5-CF42-4441-A8EB-B6CD32672A22} = {983A96FB-2EE2-4BC0-AD57-1FF0F1170576}
		{BCADAB77-390D-4875-A70C-D328B4EFBCC3} = {983A96FB-2EE2-4BC0-AD57-1FF0F1170576}
		{D47B035D-512C-429E-8D16-0E12127F4504} = {983A96FB-2EE2-4BC0-AD57-1FF0F1170576}
		{2BCE111F-2C68-477F-92D9-C858570BF71F} = {BC9660A7-1625-48B7-B513-19E615FE7290}
		{356928F1-0C85-4EDD-A980-83032050577A} = {BC9660A7-1625-48B7-B513-19E615FE7290}
		{076A1D10-B712-4EB7-934D-2D9B5CCB785A} = {BC9660A7-1625-48B7-B513-19E615FE7290}
		{87EA31C7-A443-461D-BD69-E4B7F6DC6664} = {A03171FD-FB1A-4879-8C0D-47B95C63EF83}
		{58DB8B73-2D7C-4630-9C31-1627A569896E} = {A03171FD-FB1A-4879-8C0D-47B95C63EF83}
		{77CC5DCB-7CCB-4013-8001-C94EC0DD9A92} = {A03171FD-FB1A-4879-8C0D-47B95C63EF83}
	EndGlobalSection
	GlobalSection(ExtensibilityGlobals) = postSolution
		SolutionGuid = {9E049335-11D3-4484-AFD5-FD7A71F8E56E}
	EndGlobalSection
EndGlobal
