
Microsoft Visual Studio Solution File, Format Version 12.00
# Visual Studio Version 17
VisualStudioVersion = 17.11.35303.130
MinimumVisualStudioVersion = 10.0.40219.1
Project("{FAE04EC0-301F-11D3-BF4B-00C04F79EFBC}") = "Tyuiu.VasilevNV.Sprint2.Task0.V18.Lib", "Tyuiu.VasilevNV.Sprint2.Task0.V18.Lib\Tyuiu.VasilevNV.Sprint2.Task0.V18.Lib.csproj", "{81F6352E-D8DA-4E4D-8530-6A91B5CEAE3F}"
EndProject
Project("{FAE04EC0-301F-11D3-BF4B-00C04F79EFBC}") = "Tyuiu.VasilevNV.Sprint2.Task0.V18", "Tyuiu.VasilevNV.Sprint2.Task0.V18\Tyuiu.VasilevNV.Sprint2.Task0.V18.csproj", "{64838CC8-8E9D-465E-80B5-0E3EE1DA84D0}"
EndProject
Project("{FAE04EC0-301F-11D3-BF4B-00C04F79EFBC}") = "Tyuiu.VasilevNV.Sprint2.Task0.V18.Test", "Tyuiu.VasilevNV.Sprint2.Task0.V18.Test\Tyuiu.VasilevNV.Sprint2.Task0.V18.Test.csproj", "{CE6A9E38-7B27-4F9B-A31D-60337B728B27}"
EndProject
Global
	GlobalSection(SolutionConfigurationPlatforms) = preSolution
		Debug|Any CPU = Debug|Any CPU
		Release|Any CPU = Release|Any CPU
	EndGlobalSection
	GlobalSection(ProjectConfigurationPlatforms) = postSolution
		{81F6352E-D8DA-4E4D-8530-6A91B5CEAE3F}.Debug|Any CPU.ActiveCfg = Debug|Any CPU
		{81F6352E-D8DA-4E4D-8530-6A91B5CEAE3F}.Debug|Any CPU.Build.0 = Debug|Any CPU
		{81F6352E-D8DA-4E4D-8530-6A91B5CEAE3F}.Release|Any CPU.ActiveCfg = Release|Any CPU
		{81F6352E-D8DA-4E4D-8530-6A91B5CEAE3F}.Release|Any CPU.Build.0 = Release|Any CPU
		{64838CC8-8E9D-465E-80B5-0E3EE1DA84D0}.Debug|Any CPU.ActiveCfg = Debug|Any CPU
		{64838CC8-8E9D-465E-80B5-0E3EE1DA84D0}.Debug|Any CPU.Build.0 = Debug|Any CPU
		{64838CC8-8E9D-465E-80B5-0E3EE1DA84D0}.Release|Any CPU.ActiveCfg = Release|Any CPU
		{64838CC8-8E9D-465E-80B5-0E3EE1DA84D0}.Release|Any CPU.Build.0 = Release|Any CPU
		{CE6A9E38-7B27-4F9B-A31D-60337B728B27}.Debug|Any CPU.ActiveCfg = Debug|Any CPU
		{CE6A9E38-7B27-4F9B-A31D-60337B728B27}.Debug|Any CPU.Build.0 = Debug|Any CPU
		{CE6A9E38-7B27-4F9B-A31D-60337B728B27}.Release|Any CPU.ActiveCfg = Release|Any CPU
		{CE6A9E38-7B27-4F9B-A31D-60337B728B27}.Release|Any CPU.Build.0 = Release|Any CPU
	EndGlobalSection
	GlobalSection(SolutionProperties) = preSolution
		HideSolutionNode = FALSE
	EndGlobalSection
	GlobalSection(ExtensibilityGlobals) = postSolution
		SolutionGuid = {9E049335-11D3-4484-AFD5-FD7A71F8E56E}
	EndGlobalSection
EndGlobal
